
Microsoft Visual Studio Solution File, Format Version 12.00
# Visual Studio Version 17
VisualStudioVersion = 17.10.35004.147
MinimumVisualStudioVersion = 10.0.40219.1
Project("{FAE04EC0-301F-11D3-BF4B-00C04F79EFBC}") = "DropDownHelp", "DropDownHelper\DropDownHelp.csproj", "{F6730437-9723-483A-AE85-10919561A04D}"
EndProject
Global
	GlobalSection(SolutionConfigurationPlatforms) = preSolution
		Debug|Any CPU = Debug|Any CPU
		Release|Any CPU = Release|Any CPU
	EndGlobalSection
	GlobalSection(ProjectConfigurationPlatforms) = postSolution
		{F6730437-9723-483A-AE85-10919561A04D}.Debug|Any CPU.ActiveCfg = Debug|Any CPU
		{F6730437-9723-483A-AE85-10919561A04D}.Debug|Any CPU.Build.0 = Debug|Any CPU
		{F6730437-9723-483A-AE85-10919561A04D}.Release|Any CPU.ActiveCfg = Release|Any CPU
		{F6730437-9723-483A-AE85-10919561A04D}.Release|Any CPU.Build.0 = Release|Any CPU
	EndGlobalSection
	GlobalSection(SolutionProperties) = preSolution
		HideSolutionNode = FALSE
	EndGlobalSection
	GlobalSection(ExtensibilityGlobals) = postSolution
		SolutionGuid = {D74A0DD7-81E7-4EEB-ADCE-0A3BBE9C1F8C}
	EndGlobalSection
EndGlobal
